
Microsoft Visual Studio Solution File, Format Version 12.00
# Visual Studio Version 17
VisualStudioVersion = 17.3.32929.385
MinimumVisualStudioVersion = 10.0.40219.1
Project("{FAE04EC0-301F-11D3-BF4B-00C04F79EFBC}") = "APIs_nft_sistemadegestion", "APIs_nft_sistemadegestion\APIs_nft_sistemadegestion.csproj", "{2952D624-FA16-4CEE-B80F-6E4A46A171D6}"
EndProject
Global
	GlobalSection(SolutionConfigurationPlatforms) = preSolution
		Debug|Any CPU = Debug|Any CPU
		Release|Any CPU = Release|Any CPU
	EndGlobalSection
	GlobalSection(ProjectConfigurationPlatforms) = postSolution
		{2952D624-FA16-4CEE-B80F-6E4A46A171D6}.Debug|Any CPU.ActiveCfg = Debug|Any CPU
		{2952D624-FA16-4CEE-B80F-6E4A46A171D6}.Debug|Any CPU.Build.0 = Debug|Any CPU
		{2952D624-FA16-4CEE-B80F-6E4A46A171D6}.Release|Any CPU.ActiveCfg = Release|Any CPU
		{2952D624-FA16-4CEE-B80F-6E4A46A171D6}.Release|Any CPU.Build.0 = Release|Any CPU
	EndGlobalSection
	GlobalSection(SolutionProperties) = preSolution
		HideSolutionNode = FALSE
	EndGlobalSection
	GlobalSection(ExtensibilityGlobals) = postSolution
		SolutionGuid = {CAF2EED9-C130-43D8-84DD-EB6C520BBB9F}
	EndGlobalSection
EndGlobal
